{
  "name": "jquery_advanced",
  "version": "1.0.0",
  "lockfileVersion": 3,
  "requires": true,
  "packages": {
    "": {
      "name": "jquery_advanced",
      "version": "1.0.0",
      "license": "ISC",
      "dependencies": {
        "t": "^0.5.1"
      }
    },
    "node_modules/t": {
      "version": "0.5.1",
      "resolved": "https://registry.npmjs.org/t/-/t-0.5.1.tgz",
      "integrity": "sha512-VPWkKwJPOldeqDKesRwOLhKNbVRUbzh8yoFWqwMTXqQ2BpdY7SHJqPbIRb6qfidlFhh2LBNBDJQGjPnqQcwSgg==",
      "engines": {
        "node": "*"
      }
    }
  }
}
